// !$*UTF8*$!
{
	archiveVersion = 1;
	classes = {
	};
	objectVersion = 55;
	objects = {

/* Begin PBXBuildFile section */
		91AFFC9D27B8937400E36674 /* User.swift in Sources */ = {isa = PBXBuildFile; fileRef = 91AFFC9C27B8937400E36674 /* User.swift */; };
		91AFFC9F27B8A03100E36674 /* Role.swift in Sources */ = {isa = PBXBuildFile; fileRef = 91AFFC9E27B8A03100E36674 /* Role.swift */; };
		91AFFCA127B8A21600E36674 /* UserGroup.swift in Sources */ = {isa = PBXBuildFile; fileRef = 91AFFCA027B8A21600E36674 /* UserGroup.swift */; };
		91AFFCA327B8A30000E36674 /* Defect.swift in Sources */ = {isa = PBXBuildFile; fileRef = 91AFFCA227B8A30000E36674 /* Defect.swift */; };
		91AFFCA527B8A71D00E36674 /* Test.swift in Sources */ = {isa = PBXBuildFile; fileRef = 91AFFCA427B8A71D00E36674 /* Test.swift */; };
		91AFFCA727B8E8CB00E36674 /* PDFUtils.swift in Sources */ = {isa = PBXBuildFile; fileRef = 91AFFCA627B8E8CB00E36674 /* PDFUtils.swift */; };
		91F325842720A22900E4FB6B /* RequirementsAndSpecificationsApp.swift in Sources */ = {isa = PBXBuildFile; fileRef = 91F325832720A22900E4FB6B /* RequirementsAndSpecificationsApp.swift */; };
		91F325862720A22900E4FB6B /* ContentView.swift in Sources */ = {isa = PBXBuildFile; fileRef = 91F325852720A22900E4FB6B /* ContentView.swift */; };
		91F325882720A22B00E4FB6B /* Assets.xcassets in Resources */ = {isa = PBXBuildFile; fileRef = 91F325872720A22B00E4FB6B /* Assets.xcassets */; };
		91F3258B2720A22B00E4FB6B /* Preview Assets.xcassets in Resources */ = {isa = PBXBuildFile; fileRef = 91F3258A2720A22B00E4FB6B /* Preview Assets.xcassets */; };
		91F325952720A2CE00E4FB6B /* Enums in Resources */ = {isa = PBXBuildFile; fileRef = 91F325942720A2CE00E4FB6B /* Enums */; };
		91F325972720A2F300E4FB6B /* Constants.swift in Sources */ = {isa = PBXBuildFile; fileRef = 91F325962720A2F300E4FB6B /* Constants.swift */; };
		91F325992720A73600E4FB6B /* Log.swift in Sources */ = {isa = PBXBuildFile; fileRef = 91F325982720A73600E4FB6B /* Log.swift */; };
		91F325A52720C09000E4FB6B /* Extensions in Resources */ = {isa = PBXBuildFile; fileRef = 91F325A42720C09000E4FB6B /* Extensions */; };
		91F325B02721E14900E4FB6B /* RequirementSpec.xcdatamodeld in Sources */ = {isa = PBXBuildFile; fileRef = 91F325AE2721E14900E4FB6B /* RequirementSpec.xcdatamodeld */; };
		91F325B22721E94D00E4FB6B /* CoreDataManager.swift in Sources */ = {isa = PBXBuildFile; fileRef = 91F325B12721E94D00E4FB6B /* CoreDataManager.swift */; };
		91F325B827233F9400E4FB6B /* RequirementListViewModel.swift in Sources */ = {isa = PBXBuildFile; fileRef = 91F325B727233F9400E4FB6B /* RequirementListViewModel.swift */; };
		91F325BA272349E800E4FB6B /* RequirementListView.swift in Sources */ = {isa = PBXBuildFile; fileRef = 91F325B9272349E800E4FB6B /* RequirementListView.swift */; };
		91F325BC27234A4C00E4FB6B /* AddRequirementView.swift in Sources */ = {isa = PBXBuildFile; fileRef = 91F325BB27234A4C00E4FB6B /* AddRequirementView.swift */; };
		91F325BE2723634300E4FB6B /* RequirementDetailView.swift in Sources */ = {isa = PBXBuildFile; fileRef = 91F325BD2723634300E4FB6B /* RequirementDetailView.swift */; };
		91F325C027236B0B00E4FB6B /* RequirementDetailViewModel.swift in Sources */ = {isa = PBXBuildFile; fileRef = 91F325BF27236B0B00E4FB6B /* RequirementDetailViewModel.swift */; };
		91F325C227236F0D00E4FB6B /* Requirement.swift in Sources */ = {isa = PBXBuildFile; fileRef = 91F325C127236F0D00E4FB6B /* Requirement.swift */; };
		91F325C42724E3E900E4FB6B /* AddCommentView.swift in Sources */ = {isa = PBXBuildFile; fileRef = 91F325C32724E3E900E4FB6B /* AddCommentView.swift */; };
		91F325C62725A5EF00E4FB6B /* AddRequirementViewModel.swift in Sources */ = {isa = PBXBuildFile; fileRef = 91F325C52725A5EF00E4FB6B /* AddRequirementViewModel.swift */; };
		91F325C82725A63A00E4FB6B /* AddCommentViewModel.swift in Sources */ = {isa = PBXBuildFile; fileRef = 91F325C72725A63A00E4FB6B /* AddCommentViewModel.swift */; };
		91F325CA2725BAB100E4FB6B /* Comment+Extensions.swift in Sources */ = {isa = PBXBuildFile; fileRef = 91F325C92725BAB100E4FB6B /* Comment+Extensions.swift */; };
		91F325CC2725BDD400E4FB6B /* CommentListViewModel.swift in Sources */ = {isa = PBXBuildFile; fileRef = 91F325CB2725BDD400E4FB6B /* CommentListViewModel.swift */; };
		91F325CE2725BFEE00E4FB6B /* Comment.swift in Sources */ = {isa = PBXBuildFile; fileRef = 91F325CD2725BFEE00E4FB6B /* Comment.swift */; };
		91F325D0272860BB00E4FB6B /* BaseModel.swift in Sources */ = {isa = PBXBuildFile; fileRef = 91F325CF272860BB00E4FB6B /* BaseModel.swift */; };
		91F325D2272863E700E4FB6B /* RequirementSpecification+Extensions.swift in Sources */ = {isa = PBXBuildFile; fileRef = 91F325D1272863E700E4FB6B /* RequirementSpecification+Extensions.swift */; };
/* End PBXBuildFile section */

/* Begin PBXFileReference section */
		91AFFC9C27B8937400E36674 /* User.swift */ = {isa = PBXFileReference; lastKnownFileType = sourcecode.swift; path = User.swift; sourceTree = "<group>"; };
		91AFFC9E27B8A03100E36674 /* Role.swift */ = {isa = PBXFileReference; lastKnownFileType = sourcecode.swift; path = Role.swift; sourceTree = "<group>"; };
		91AFFCA027B8A21600E36674 /* UserGroup.swift */ = {isa = PBXFileReference; lastKnownFileType = sourcecode.swift; path = UserGroup.swift; sourceTree = "<group>"; };
		91AFFCA227B8A30000E36674 /* Defect.swift */ = {isa = PBXFileReference; lastKnownFileType = sourcecode.swift; path = Defect.swift; sourceTree = "<group>"; };
		91AFFCA427B8A71D00E36674 /* Test.swift */ = {isa = PBXFileReference; lastKnownFileType = sourcecode.swift; path = Test.swift; sourceTree = "<group>"; };
		91AFFCA627B8E8CB00E36674 /* PDFUtils.swift */ = {isa = PBXFileReference; fileEncoding = 4; lastKnownFileType = sourcecode.swift; path = PDFUtils.swift; sourceTree = "<group>"; };
		91F325802720A22900E4FB6B /* SwiftUI Requirements and Specifications.app */ = {isa = PBXFileReference; explicitFileType = wrapper.application; includeInIndex = 0; path = "SwiftUI Requirements and Specifications.app"; sourceTree = BUILT_PRODUCTS_DIR; };
		91F325832720A22900E4FB6B /* RequirementsAndSpecificationsApp.swift */ = {isa = PBXFileReference; lastKnownFileType = sourcecode.swift; path = RequirementsAndSpecificationsApp.swift; sourceTree = "<group>"; };
		91F325852720A22900E4FB6B /* ContentView.swift */ = {isa = PBXFileReference; lastKnownFileType = sourcecode.swift; path = ContentView.swift; sourceTree = "<group>"; };
		91F325872720A22B00E4FB6B /* Assets.xcassets */ = {isa = PBXFileReference; lastKnownFileType = folder.assetcatalog; path = Assets.xcassets; sourceTree = "<group>"; };
		91F3258A2720A22B00E4FB6B /* Preview Assets.xcassets */ = {isa = PBXFileReference; lastKnownFileType = folder.assetcatalog; path = "Preview Assets.xcassets"; sourceTree = "<group>"; };
		91F325942720A2CE00E4FB6B /* Enums */ = {isa = PBXFileReference; lastKnownFileType = folder; path = Enums; sourceTree = "<group>"; };
		91F325962720A2F300E4FB6B /* Constants.swift */ = {isa = PBXFileReference; fileEncoding = 4; lastKnownFileType = sourcecode.swift; path = Constants.swift; sourceTree = "<group>"; };
		91F325982720A73600E4FB6B /* Log.swift */ = {isa = PBXFileReference; fileEncoding = 4; lastKnownFileType = sourcecode.swift; path = Log.swift; sourceTree = "<group>"; };
		91F325A42720C09000E4FB6B /* Extensions */ = {isa = PBXFileReference; lastKnownFileType = folder; path = Extensions; sourceTree = "<group>"; };
		91F325AF2721E14900E4FB6B /* RequirementSpec.xcdatamodel */ = {isa = PBXFileReference; lastKnownFileType = wrapper.xcdatamodel; path = RequirementSpec.xcdatamodel; sourceTree = "<group>"; };
		91F325B12721E94D00E4FB6B /* CoreDataManager.swift */ = {isa = PBXFileReference; lastKnownFileType = sourcecode.swift; path = CoreDataManager.swift; sourceTree = "<group>"; };
		91F325B727233F9400E4FB6B /* RequirementListViewModel.swift */ = {isa = PBXFileReference; lastKnownFileType = sourcecode.swift; path = RequirementListViewModel.swift; sourceTree = "<group>"; };
		91F325B9272349E800E4FB6B /* RequirementListView.swift */ = {isa = PBXFileReference; lastKnownFileType = sourcecode.swift; path = RequirementListView.swift; sourceTree = "<group>"; };
		91F325BB27234A4C00E4FB6B /* AddRequirementView.swift */ = {isa = PBXFileReference; lastKnownFileType = sourcecode.swift; path = AddRequirementView.swift; sourceTree = "<group>"; };
		91F325BD2723634300E4FB6B /* RequirementDetailView.swift */ = {isa = PBXFileReference; lastKnownFileType = sourcecode.swift; path = RequirementDetailView.swift; sourceTree = "<group>"; };
		91F325BF27236B0B00E4FB6B /* RequirementDetailViewModel.swift */ = {isa = PBXFileReference; lastKnownFileType = sourcecode.swift; path = RequirementDetailViewModel.swift; sourceTree = "<group>"; };
		91F325C127236F0D00E4FB6B /* Requirement.swift */ = {isa = PBXFileReference; lastKnownFileType = sourcecode.swift; path = Requirement.swift; sourceTree = "<group>"; };
		91F325C32724E3E900E4FB6B /* AddCommentView.swift */ = {isa = PBXFileReference; lastKnownFileType = sourcecode.swift; path = AddCommentView.swift; sourceTree = "<group>"; };
		91F325C52725A5EF00E4FB6B /* AddRequirementViewModel.swift */ = {isa = PBXFileReference; lastKnownFileType = sourcecode.swift; path = AddRequirementViewModel.swift; sourceTree = "<group>"; };
		91F325C72725A63A00E4FB6B /* AddCommentViewModel.swift */ = {isa = PBXFileReference; lastKnownFileType = sourcecode.swift; path = AddCommentViewModel.swift; sourceTree = "<group>"; };
		91F325C92725BAB100E4FB6B /* Comment+Extensions.swift */ = {isa = PBXFileReference; lastKnownFileType = sourcecode.swift; path = "Comment+Extensions.swift"; sourceTree = "<group>"; };
		91F325CB2725BDD400E4FB6B /* CommentListViewModel.swift */ = {isa = PBXFileReference; lastKnownFileType = sourcecode.swift; path = CommentListViewModel.swift; sourceTree = "<group>"; };
		91F325CD2725BFEE00E4FB6B /* Comment.swift */ = {isa = PBXFileReference; lastKnownFileType = sourcecode.swift; path = Comment.swift; sourceTree = "<group>"; };
		91F325CF272860BB00E4FB6B /* BaseModel.swift */ = {isa = PBXFileReference; lastKnownFileType = sourcecode.swift; path = BaseModel.swift; sourceTree = "<group>"; };
		91F325D1272863E700E4FB6B /* RequirementSpecification+Extensions.swift */ = {isa = PBXFileReference; lastKnownFileType = sourcecode.swift; path = "RequirementSpecification+Extensions.swift"; sourceTree = "<group>"; };
/* End PBXFileReference section */

/* Begin PBXFrameworksBuildPhase section */
		91F3257D2720A22900E4FB6B /* Frameworks */ = {
			isa = PBXFrameworksBuildPhase;
			buildActionMask = 2147483647;
			files = (
			);
			runOnlyForDeploymentPostprocessing = 0;
		};
/* End PBXFrameworksBuildPhase section */

/* Begin PBXGroup section */
		91AFFC9B27B88ADB00E36674 /* DatabaseModels */ = {
			isa = PBXGroup;
			children = (
				91F325AE2721E14900E4FB6B /* RequirementSpec.xcdatamodeld */,
				91F325C92725BAB100E4FB6B /* Comment+Extensions.swift */,
				91F325CF272860BB00E4FB6B /* BaseModel.swift */,
				91F325D1272863E700E4FB6B /* RequirementSpecification+Extensions.swift */,
			);
			path = DatabaseModels;
			sourceTree = "<group>";
		};
		91AFFCA827B8E8D300E36674 /* Utils */ = {
			isa = PBXGroup;
			children = (
				91AFFCA627B8E8CB00E36674 /* PDFUtils.swift */,
			);
			path = Utils;
			sourceTree = "<group>";
		};
		91F325772720A22900E4FB6B = {
			isa = PBXGroup;
			children = (
				91F325822720A22900E4FB6B /* SwiftUI Requirements and Specifications */,
				91F325812720A22900E4FB6B /* Products */,
			);
			sourceTree = "<group>";
		};
		91F325812720A22900E4FB6B /* Products */ = {
			isa = PBXGroup;
			children = (
				91F325802720A22900E4FB6B /* SwiftUI Requirements and Specifications.app */,
			);
			name = Products;
			sourceTree = "<group>";
		};
		91F325822720A22900E4FB6B /* SwiftUI Requirements and Specifications */ = {
			isa = PBXGroup;
			children = (
				91F325832720A22900E4FB6B /* RequirementsAndSpecificationsApp.swift */,
				91AFFCA827B8E8D300E36674 /* Utils */,
				91F325872720A22B00E4FB6B /* Assets.xcassets */,
				91F325962720A2F300E4FB6B /* Constants.swift */,
				91F325982720A73600E4FB6B /* Log.swift */,
				91AFFC9B27B88ADB00E36674 /* DatabaseModels */,
				91F325B527233C1700E4FB6B /* Models */,
				91F325942720A2CE00E4FB6B /* Enums */,
				91F325B427233BE800E4FB6B /* ViewModels */,
				91F325B327233BD400E4FB6B /* Views */,
				91F325A22720BB6E00E4FB6B /* Managers */,
				91F325A42720C09000E4FB6B /* Extensions */,
				91F325892720A22B00E4FB6B /* Preview Content */,
			);
			path = "SwiftUI Requirements and Specifications";
			sourceTree = "<group>";
		};
		91F325892720A22B00E4FB6B /* Preview Content */ = {
			isa = PBXGroup;
			children = (
				91F3258A2720A22B00E4FB6B /* Preview Assets.xcassets */,
			);
			path = "Preview Content";
			sourceTree = "<group>";
		};
		91F325A22720BB6E00E4FB6B /* Managers */ = {
			isa = PBXGroup;
			children = (
				91F325B12721E94D00E4FB6B /* CoreDataManager.swift */,
			);
			path = Managers;
			sourceTree = "<group>";
		};
		91F325B327233BD400E4FB6B /* Views */ = {
			isa = PBXGroup;
			children = (
				91F325852720A22900E4FB6B /* ContentView.swift */,
				91F325BB27234A4C00E4FB6B /* AddRequirementView.swift */,
				91F325B9272349E800E4FB6B /* RequirementListView.swift */,
				91F325BD2723634300E4FB6B /* RequirementDetailView.swift */,
				91F325C32724E3E900E4FB6B /* AddCommentView.swift */,
			);
			path = Views;
			sourceTree = "<group>";
		};
		91F325B427233BE800E4FB6B /* ViewModels */ = {
			isa = PBXGroup;
			children = (
				91F325B727233F9400E4FB6B /* RequirementListViewModel.swift */,
				91F325BF27236B0B00E4FB6B /* RequirementDetailViewModel.swift */,
				91F325C52725A5EF00E4FB6B /* AddRequirementViewModel.swift */,
				91F325C72725A63A00E4FB6B /* AddCommentViewModel.swift */,
				91F325CB2725BDD400E4FB6B /* CommentListViewModel.swift */,
			);
			path = ViewModels;
			sourceTree = "<group>";
		};
		91F325B527233C1700E4FB6B /* Models */ = {
			isa = PBXGroup;
			children = (
				91F325C127236F0D00E4FB6B /* Requirement.swift */,
				91F325CD2725BFEE00E4FB6B /* Comment.swift */,
				91AFFC9C27B8937400E36674 /* User.swift */,
				91AFFC9E27B8A03100E36674 /* Role.swift */,
				91AFFCA027B8A21600E36674 /* UserGroup.swift */,
				91AFFCA227B8A30000E36674 /* Defect.swift */,
				91AFFCA427B8A71D00E36674 /* Test.swift */,
			);
			path = Models;
			sourceTree = "<group>";
		};
/* End PBXGroup section */

/* Begin PBXNativeTarget section */
		91F3257F2720A22900E4FB6B /* SwiftUI Requirements and Specifications */ = {
			isa = PBXNativeTarget;
			buildConfigurationList = 91F3258E2720A22B00E4FB6B /* Build configuration list for PBXNativeTarget "SwiftUI Requirements and Specifications" */;
			buildPhases = (
				91F3257C2720A22900E4FB6B /* Sources */,
				91F3257D2720A22900E4FB6B /* Frameworks */,
				91F3257E2720A22900E4FB6B /* Resources */,
			);
			buildRules = (
			);
			dependencies = (
			);
			name = "SwiftUI Requirements and Specifications";
			packageProductDependencies = (
			);
			productName = "SwiftUI Requirements and Specifications";
			productReference = 91F325802720A22900E4FB6B /* SwiftUI Requirements and Specifications.app */;
			productType = "com.apple.product-type.application";
		};
/* End PBXNativeTarget section */

/* Begin PBXProject section */
		91F325782720A22900E4FB6B /* Project object */ = {
			isa = PBXProject;
			attributes = {
				BuildIndependentTargetsInParallel = 1;
				LastSwiftUpdateCheck = 1300;
				LastUpgradeCheck = 1300;
				TargetAttributes = {
					91F3257F2720A22900E4FB6B = {
						CreatedOnToolsVersion = 13.0;
					};
				};
			};
			buildConfigurationList = 91F3257B2720A22900E4FB6B /* Build configuration list for PBXProject "SwiftUI Requirements and Specifications" */;
			compatibilityVersion = "Xcode 13.0";
			developmentRegion = en;
			hasScannedForEncodings = 0;
			knownRegions = (
				en,
				Base,
			);
			mainGroup = 91F325772720A22900E4FB6B;
			packageReferences = (
			);
			productRefGroup = 91F325812720A22900E4FB6B /* Products */;
			projectDirPath = "";
			projectRoot = "";
			targets = (
				91F3257F2720A22900E4FB6B /* SwiftUI Requirements and Specifications */,
			);
		};
/* End PBXProject section */

/* Begin PBXResourcesBuildPhase section */
		91F3257E2720A22900E4FB6B /* Resources */ = {
			isa = PBXResourcesBuildPhase;
			buildActionMask = 2147483647;
			files = (
				91F325952720A2CE00E4FB6B /* Enums in Resources */,
				91F3258B2720A22B00E4FB6B /* Preview Assets.xcassets in Resources */,
				91F325A52720C09000E4FB6B /* Extensions in Resources */,
				91F325882720A22B00E4FB6B /* Assets.xcassets in Resources */,
			);
			runOnlyForDeploymentPostprocessing = 0;
		};
/* End PBXResourcesBuildPhase section */

/* Begin PBXSourcesBuildPhase section */
		91F3257C2720A22900E4FB6B /* Sources */ = {
			isa = PBXSourcesBuildPhase;
			buildActionMask = 2147483647;
			files = (
				91F325CE2725BFEE00E4FB6B /* Comment.swift in Sources */,
				91AFFC9F27B8A03100E36674 /* Role.swift in Sources */,
				91AFFCA327B8A30000E36674 /* Defect.swift in Sources */,
				91F325CC2725BDD400E4FB6B /* CommentListViewModel.swift in Sources */,
				91F325B827233F9400E4FB6B /* RequirementListViewModel.swift in Sources */,
				91F325CA2725BAB100E4FB6B /* Comment+Extensions.swift in Sources */,
				91F325BE2723634300E4FB6B /* RequirementDetailView.swift in Sources */,
				91F325C227236F0D00E4FB6B /* Requirement.swift in Sources */,
				91F325C62725A5EF00E4FB6B /* AddRequirementViewModel.swift in Sources */,
				91F325B22721E94D00E4FB6B /* CoreDataManager.swift in Sources */,
				91F325B02721E14900E4FB6B /* RequirementSpec.xcdatamodeld in Sources */,
				91F325C42724E3E900E4FB6B /* AddCommentView.swift in Sources */,
				91AFFCA727B8E8CB00E36674 /* PDFUtils.swift in Sources */,
				91F325C027236B0B00E4FB6B /* RequirementDetailViewModel.swift in Sources */,
				91F325BC27234A4C00E4FB6B /* AddRequirementView.swift in Sources */,
				91F325862720A22900E4FB6B /* ContentView.swift in Sources */,
				91F325D2272863E700E4FB6B /* RequirementSpecification+Extensions.swift in Sources */,
				91F325C82725A63A00E4FB6B /* AddCommentViewModel.swift in Sources */,
				91F325BA272349E800E4FB6B /* RequirementListView.swift in Sources */,
				91F325992720A73600E4FB6B /* Log.swift in Sources */,
				91F325D0272860BB00E4FB6B /* BaseModel.swift in Sources */,
				91AFFCA127B8A21600E36674 /* UserGroup.swift in Sources */,
				91F325842720A22900E4FB6B /* RequirementsAndSpecificationsApp.swift in Sources */,
				91AFFCA527B8A71D00E36674 /* Test.swift in Sources */,
				91F325972720A2F300E4FB6B /* Constants.swift in Sources */,
				91AFFC9D27B8937400E36674 /* User.swift in Sources */,
			);
			runOnlyForDeploymentPostprocessing = 0;
		};
/* End PBXSourcesBuildPhase section */

/* Begin XCBuildConfiguration section */
		91F3258C2720A22B00E4FB6B /* Debug */ = {
			isa = XCBuildConfiguration;
			buildSettings = {
				ALWAYS_SEARCH_USER_PATHS = NO;
				CLANG_ANALYZER_NONNULL = YES;
				CLANG_ANALYZER_NUMBER_OBJECT_CONVERSION = YES_AGGRESSIVE;
				CLANG_CXX_LANGUAGE_STANDARD = "gnu++17";
				CLANG_CXX_LIBRARY = "libc++";
				CLANG_ENABLE_MODULES = YES;
				CLANG_ENABLE_OBJC_ARC = YES;
				CLANG_ENABLE_OBJC_WEAK = YES;
				CLANG_WARN_BLOCK_CAPTURE_AUTORELEASING = YES;
				CLANG_WARN_BOOL_CONVERSION = YES;
				CLANG_WARN_COMMA = YES;
				CLANG_WARN_CONSTANT_CONVERSION = YES;
				CLANG_WARN_DEPRECATED_OBJC_IMPLEMENTATIONS = YES;
				CLANG_WARN_DIRECT_OBJC_ISA_USAGE = YES_ERROR;
				CLANG_WARN_DOCUMENTATION_COMMENTS = YES;
				CLANG_WARN_EMPTY_BODY = YES;
				CLANG_WARN_ENUM_CONVERSION = YES;
				CLANG_WARN_INFINITE_RECURSION = YES;
				CLANG_WARN_INT_CONVERSION = YES;
				CLANG_WARN_NON_LITERAL_NULL_CONVERSION = YES;
				CLANG_WARN_OBJC_IMPLICIT_RETAIN_SELF = YES;
				CLANG_WARN_OBJC_LITERAL_CONVERSION = YES;
				CLANG_WARN_OBJC_ROOT_CLASS = YES_ERROR;
				CLANG_WARN_QUOTED_INCLUDE_IN_FRAMEWORK_HEADER = YES;
				CLANG_WARN_RANGE_LOOP_ANALYSIS = YES;
				CLANG_WARN_STRICT_PROTOTYPES = YES;
				CLANG_WARN_SUSPICIOUS_MOVE = YES;
				CLANG_WARN_UNGUARDED_AVAILABILITY = YES_AGGRESSIVE;
				CLANG_WARN_UNREACHABLE_CODE = YES;
				CLANG_WARN__DUPLICATE_METHOD_MATCH = YES;
				COPY_PHASE_STRIP = NO;
				DEBUG_INFORMATION_FORMAT = dwarf;
				ENABLE_STRICT_OBJC_MSGSEND = YES;
				ENABLE_TESTABILITY = YES;
				GCC_C_LANGUAGE_STANDARD = gnu11;
				GCC_DYNAMIC_NO_PIC = NO;
				GCC_NO_COMMON_BLOCKS = YES;
				GCC_OPTIMIZATION_LEVEL = 0;
				GCC_PREPROCESSOR_DEFINITIONS = (
					"DEBUG=1",
					"$(inherited)",
				);
				GCC_WARN_64_TO_32_BIT_CONVERSION = YES;
				GCC_WARN_ABOUT_RETURN_TYPE = YES_ERROR;
				GCC_WARN_UNDECLARED_SELECTOR = YES;
				GCC_WARN_UNINITIALIZED_AUTOS = YES_AGGRESSIVE;
				GCC_WARN_UNUSED_FUNCTION = YES;
				GCC_WARN_UNUSED_VARIABLE = YES;
				IPHONEOS_DEPLOYMENT_TARGET = 15.0;
				MTL_ENABLE_DEBUG_INFO = INCLUDE_SOURCE;
				MTL_FAST_MATH = YES;
				ONLY_ACTIVE_ARCH = YES;
				SDKROOT = iphoneos;
				SWIFT_ACTIVE_COMPILATION_CONDITIONS = DEBUG;
				SWIFT_OPTIMIZATION_LEVEL = "-Onone";
			};
			name = Debug;
		};
		91F3258D2720A22B00E4FB6B /* Release */ = {
			isa = XCBuildConfiguration;
			buildSettings = {
				ALWAYS_SEARCH_USER_PATHS = NO;
				CLANG_ANALYZER_NONNULL = YES;
				CLANG_ANALYZER_NUMBER_OBJECT_CONVERSION = YES_AGGRESSIVE;
				CLANG_CXX_LANGUAGE_STANDARD = "gnu++17";
				CLANG_CXX_LIBRARY = "libc++";
				CLANG_ENABLE_MODULES = YES;
				CLANG_ENABLE_OBJC_ARC = YES;
				CLANG_ENABLE_OBJC_WEAK = YES;
				CLANG_WARN_BLOCK_CAPTURE_AUTORELEASING = YES;
				CLANG_WARN_BOOL_CONVERSION = YES;
				CLANG_WARN_COMMA = YES;
				CLANG_WARN_CONSTANT_CONVERSION = YES;
				CLANG_WARN_DEPRECATED_OBJC_IMPLEMENTATIONS = YES;
				CLANG_WARN_DIRECT_OBJC_ISA_USAGE = YES_ERROR;
				CLANG_WARN_DOCUMENTATION_COMMENTS = YES;
				CLANG_WARN_EMPTY_BODY = YES;
				CLANG_WARN_ENUM_CONVERSION = YES;
				CLANG_WARN_INFINITE_RECURSION = YES;
				CLANG_WARN_INT_CONVERSION = YES;
				CLANG_WARN_NON_LITERAL_NULL_CONVERSION = YES;
				CLANG_WARN_OBJC_IMPLICIT_RETAIN_SELF = YES;
				CLANG_WARN_OBJC_LITERAL_CONVERSION = YES;
				CLANG_WARN_OBJC_ROOT_CLASS = YES_ERROR;
				CLANG_WARN_QUOTED_INCLUDE_IN_FRAMEWORK_HEADER = YES;
				CLANG_WARN_RANGE_LOOP_ANALYSIS = YES;
				CLANG_WARN_STRICT_PROTOTYPES = YES;
				CLANG_WARN_SUSPICIOUS_MOVE = YES;
				CLANG_WARN_UNGUARDED_AVAILABILITY = YES_AGGRESSIVE;
				CLANG_WARN_UNREACHABLE_CODE = YES;
				CLANG_WARN__DUPLICATE_METHOD_MATCH = YES;
				COPY_PHASE_STRIP = NO;
				DEBUG_INFORMATION_FORMAT = "dwarf-with-dsym";
				ENABLE_NS_ASSERTIONS = NO;
				ENABLE_STRICT_OBJC_MSGSEND = YES;
				GCC_C_LANGUAGE_STANDARD = gnu11;
				GCC_NO_COMMON_BLOCKS = YES;
				GCC_WARN_64_TO_32_BIT_CONVERSION = YES;
				GCC_WARN_ABOUT_RETURN_TYPE = YES_ERROR;
				GCC_WARN_UNDECLARED_SELECTOR = YES;
				GCC_WARN_UNINITIALIZED_AUTOS = YES_AGGRESSIVE;
				GCC_WARN_UNUSED_FUNCTION = YES;
				GCC_WARN_UNUSED_VARIABLE = YES;
				IPHONEOS_DEPLOYMENT_TARGET = 15.0;
				MTL_ENABLE_DEBUG_INFO = NO;
				MTL_FAST_MATH = YES;
				SDKROOT = iphoneos;
				SWIFT_COMPILATION_MODE = wholemodule;
				SWIFT_OPTIMIZATION_LEVEL = "-O";
				VALIDATE_PRODUCT = YES;
			};
			name = Release;
		};
		91F3258F2720A22B00E4FB6B /* Debug */ = {
			isa = XCBuildConfiguration;
			buildSettings = {
				ASSETCATALOG_COMPILER_APPICON_NAME = AppIcon;
				ASSETCATALOG_COMPILER_GLOBAL_ACCENT_COLOR_NAME = AccentColor;
				CODE_SIGN_STYLE = Automatic;
				CURRENT_PROJECT_VERSION = 1;
				DEVELOPMENT_ASSET_PATHS = "\"SwiftUI Requirements and Specifications/Preview Content\"";
				DEVELOPMENT_TEAM = C37927XKUL;
				ENABLE_PREVIEWS = YES;
				GENERATE_INFOPLIST_FILE = YES;
				INFOPLIST_KEY_UIApplicationSceneManifest_Generation = YES;
				INFOPLIST_KEY_UIApplicationSupportsIndirectInputEvents = YES;
				INFOPLIST_KEY_UILaunchScreen_Generation = YES;
				INFOPLIST_KEY_UISupportedInterfaceOrientations_iPad = "UIInterfaceOrientationPortrait UIInterfaceOrientationPortraitUpsideDown UIInterfaceOrientationLandscapeLeft UIInterfaceOrientationLandscapeRight";
				INFOPLIST_KEY_UISupportedInterfaceOrientations_iPhone = "UIInterfaceOrientationPortrait UIInterfaceOrientationLandscapeLeft UIInterfaceOrientationLandscapeRight";
				IPHONEOS_DEPLOYMENT_TARGET = 15.0;
				LD_RUNPATH_SEARCH_PATHS = (
					"$(inherited)",
					"@executable_path/Frameworks",
				);
				MARKETING_VERSION = 1.0;
				PRODUCT_BUNDLE_IDENTIFIER = "com.larryburris.SwiftUI-Requirements-and-Specifications";
				PRODUCT_NAME = "$(TARGET_NAME)";
				SWIFT_EMIT_LOC_STRINGS = YES;
				SWIFT_VERSION = 5.0;
				TARGETED_DEVICE_FAMILY = "1,2";
			};
			name = Debug;
		};
		91F325902720A22B00E4FB6B /* Release */ = {
			isa = XCBuildConfiguration;
			buildSettings = {
				ASSETCATALOG_COMPILER_APPICON_NAME = AppIcon;
				ASSETCATALOG_COMPILER_GLOBAL_ACCENT_COLOR_NAME = AccentColor;
				CODE_SIGN_STYLE = Automatic;
				CURRENT_PROJECT_VERSION = 1;
				DEVELOPMENT_ASSET_PATHS = "\"SwiftUI Requirements and Specifications/Preview Content\"";
				DEVELOPMENT_TEAM = C37927XKUL;
				ENABLE_PREVIEWS = YES;
				GENERATE_INFOPLIST_FILE = YES;
				INFOPLIST_KEY_UIApplicationSceneManifest_Generation = YES;
				INFOPLIST_KEY_UIApplicationSupportsIndirectInputEvents = YES;
				INFOPLIST_KEY_UILaunchScreen_Generation = YES;
				INFOPLIST_KEY_UISupportedInterfaceOrientations_iPad = "UIInterfaceOrientationPortrait UIInterfaceOrientationPortraitUpsideDown UIInterfaceOrientationLandscapeLeft UIInterfaceOrientationLandscapeRight";
				INFOPLIST_KEY_UISupportedInterfaceOrientations_iPhone = "UIInterfaceOrientationPortrait UIInterfaceOrientationLandscapeLeft UIInterfaceOrientationLandscapeRight";
				IPHONEOS_DEPLOYMENT_TARGET = 15.0;
				LD_RUNPATH_SEARCH_PATHS = (
					"$(inherited)",
					"@executable_path/Frameworks",
				);
				MARKETING_VERSION = 1.0;
				PRODUCT_BUNDLE_IDENTIFIER = "com.larryburris.SwiftUI-Requirements-and-Specifications";
				PRODUCT_NAME = "$(TARGET_NAME)";
				SWIFT_EMIT_LOC_STRINGS = YES;
				SWIFT_VERSION = 5.0;
				TARGETED_DEVICE_FAMILY = "1,2";
			};
			name = Release;
		};
/* End XCBuildConfiguration section */

/* Begin XCConfigurationList section */
		91F3257B2720A22900E4FB6B /* Build configuration list for PBXProject "SwiftUI Requirements and Specifications" */ = {
			isa = XCConfigurationList;
			buildConfigurations = (
				91F3258C2720A22B00E4FB6B /* Debug */,
				91F3258D2720A22B00E4FB6B /* Release */,
			);
			defaultConfigurationIsVisible = 0;
			defaultConfigurationName = Release;
		};
		91F3258E2720A22B00E4FB6B /* Build configuration list for PBXNativeTarget "SwiftUI Requirements and Specifications" */ = {
			isa = XCConfigurationList;
			buildConfigurations = (
				91F3258F2720A22B00E4FB6B /* Debug */,
				91F325902720A22B00E4FB6B /* Release */,
			);
			defaultConfigurationIsVisible = 0;
			defaultConfigurationName = Release;
		};
/* End XCConfigurationList section */

/* Begin XCVersionGroup section */
		91F325AE2721E14900E4FB6B /* RequirementSpec.xcdatamodeld */ = {
			isa = XCVersionGroup;
			children = (
				91F325AF2721E14900E4FB6B /* RequirementSpec.xcdatamodel */,
			);
			currentVersion = 91F325AF2721E14900E4FB6B /* RequirementSpec.xcdatamodel */;
			path = RequirementSpec.xcdatamodeld;
			sourceTree = "<group>";
			versionGroupType = wrapper.xcdatamodel;
		};
/* End XCVersionGroup section */
	};
	rootObject = 91F325782720A22900E4FB6B /* Project object */;
}
